
Microsoft Visual Studio Solution File, Format Version 12.00
# Visual Studio 14
VisualStudioVersion = 14.0.24720.0
MinimumVisualStudioVersion = 10.0.40219.1
Project("{FAE04EC0-301F-11D3-BF4B-00C04F79EFBC}") = "Spectrum.Bootstrap", "Spectrum.Bootstrap\Spectrum.Bootstrap.csproj", "{F395A1D7-EA41-4DB5-A192-04EB5449E141}"
EndProject
Project("{D954291E-2A0B-460D-934E-DC6B0785DB48}") = "Spectrum.Branding", "Spectrum.Branding\Spectrum.Branding.shproj", "{85E10305-2CC9-4FDC-AC48-C680BE878BD8}"
EndProject
Project("{FAE04EC0-301F-11D3-BF4B-00C04F79EFBC}") = "Spectrum.Manager", "Spectrum.Manager\Spectrum.Manager.csproj", "{D510DE39-10E7-45F1-A685-1E80A6B91F21}"
EndProject
Project("{FAE04EC0-301F-11D3-BF4B-00C04F79EFBC}") = "Spectrum.API", "Spectrum.API\Spectrum.API.csproj", "{A9CFD86D-1604-4C80-B02B-E60AD98BA86F}"
EndProject
Project("{FAE04EC0-301F-11D3-BF4B-00C04F79EFBC}") = "Spectrum.Prism", "Spectrum.Prism\Spectrum.Prism.csproj", "{5AAA2550-9AC2-474E-A74A-1F21AD378367}"
EndProject
Project("{D954291E-2A0B-460D-934E-DC6B0785DB48}") = "Spectrum.Dependencies", "Spectrum.Dependencies\Spectrum.Dependencies.shproj", "{79A9DC06-05C4-4B11-857E-1A122BCAC7D0}"
EndProject
Global
	GlobalSection(SharedMSBuildProjectFiles) = preSolution
		Spectrum.Dependencies\Spectrum.Dependencies.projitems*{79a9dc06-05c4-4b11-857e-1a122bcac7d0}*SharedItemsImports = 13
		Spectrum.Branding\Spectrum.Branding.projitems*{85e10305-2cc9-4fdc-ac48-c680be878bd8}*SharedItemsImports = 13
	EndGlobalSection
	GlobalSection(SolutionConfigurationPlatforms) = preSolution
		Debug|Any CPU = Debug|Any CPU
		Release|Any CPU = Release|Any CPU
	EndGlobalSection
	GlobalSection(ProjectConfigurationPlatforms) = postSolution
		{F395A1D7-EA41-4DB5-A192-04EB5449E141}.Debug|Any CPU.ActiveCfg = Debug|Any CPU
		{F395A1D7-EA41-4DB5-A192-04EB5449E141}.Debug|Any CPU.Build.0 = Debug|Any CPU
		{F395A1D7-EA41-4DB5-A192-04EB5449E141}.Release|Any CPU.ActiveCfg = Release|Any CPU
		{F395A1D7-EA41-4DB5-A192-04EB5449E141}.Release|Any CPU.Build.0 = Release|Any CPU
		{D510DE39-10E7-45F1-A685-1E80A6B91F21}.Debug|Any CPU.ActiveCfg = Debug|Any CPU
		{D510DE39-10E7-45F1-A685-1E80A6B91F21}.Debug|Any CPU.Build.0 = Debug|Any CPU
		{D510DE39-10E7-45F1-A685-1E80A6B91F21}.Release|Any CPU.ActiveCfg = Release|Any CPU
		{D510DE39-10E7-45F1-A685-1E80A6B91F21}.Release|Any CPU.Build.0 = Release|Any CPU
		{A9CFD86D-1604-4C80-B02B-E60AD98BA86F}.Debug|Any CPU.ActiveCfg = Debug|Any CPU
		{A9CFD86D-1604-4C80-B02B-E60AD98BA86F}.Debug|Any CPU.Build.0 = Debug|Any CPU
		{A9CFD86D-1604-4C80-B02B-E60AD98BA86F}.Release|Any CPU.ActiveCfg = Release|Any CPU
		{A9CFD86D-1604-4C80-B02B-E60AD98BA86F}.Release|Any CPU.Build.0 = Release|Any CPU
		{5AAA2550-9AC2-474E-A74A-1F21AD378367}.Debug|Any CPU.ActiveCfg = Debug|Any CPU
		{5AAA2550-9AC2-474E-A74A-1F21AD378367}.Debug|Any CPU.Build.0 = Debug|Any CPU
		{5AAA2550-9AC2-474E-A74A-1F21AD378367}.Release|Any CPU.ActiveCfg = Release|Any CPU
		{5AAA2550-9AC2-474E-A74A-1F21AD378367}.Release|Any CPU.Build.0 = Release|Any CPU
	EndGlobalSection
	GlobalSection(SolutionProperties) = preSolution
		HideSolutionNode = FALSE
	EndGlobalSection
EndGlobal
